
Microsoft Visual Studio Solution File, Format Version 12.00
# Visual Studio Version 17
VisualStudioVersion = 17.10.34928.147
MinimumVisualStudioVersion = 10.0.40219.1
Project("{FAE04EC0-301F-11D3-BF4B-00C04F79EFBC}") = "Nyxstrap", "Nyxstrap.csproj", "{F3715242-112F-4D57-BA4C-69CEE2528D99}"
EndProject
Global
	GlobalSection(SolutionConfigurationPlatforms) = preSolution
		Debug|Any CPU = Debug|Any CPU
		Release|Any CPU = Release|Any CPU
	EndGlobalSection
	GlobalSection(ProjectConfigurationPlatforms) = postSolution
		{F3715242-112F-4D57-BA4C-69CEE2528D99}.Debug|Any CPU.ActiveCfg = Debug|Any CPU
		{F3715242-112F-4D57-BA4C-69CEE2528D99}.Debug|Any CPU.Build.0 = Debug|Any CPU
		{F3715242-112F-4D57-BA4C-69CEE2528D99}.Release|Any CPU.ActiveCfg = Release|Any CPU
		{F3715242-112F-4D57-BA4C-69CEE2528D99}.Release|Any CPU.Build.0 = Release|Any CPU
	EndGlobalSection
	GlobalSection(SolutionProperties) = preSolution
		HideSolutionNode = FALSE
	EndGlobalSection
	GlobalSection(ExtensibilityGlobals) = postSolution
		SolutionGuid = {4E612B33-74C3-4C87-86D0-0649A1196B90}
	EndGlobalSection
EndGlobal
